{
  "version": 4,
  "terraform_version": "1.1.9",
  "serial": 12,
  "lineage": "548cebdb-fce0-7347-44c9-fd61e1985399",
  "outputs": {
    "frontend_url": {
      "value": "http://34.133.78.250:8080",
      "type": "string"
    }
  },
  "resources": [
    {
      "mode": "data",
      "type": "google_compute_network",
      "name": "default",
      "provider": "provider[\"registry.terraform.io/hashicorp/google\"]",
      "instances": [
        {
          "schema_version": 0,
          "attributes": {
            "description": "",
            "gateway_ipv4": "",
            "id": "projects/swift-firmament-358410/global/networks/vpc-news4321",
            "name": "vpc-news4321",
            "project": null,
            "self_link": "https://www.googleapis.com/compute/v1/projects/swift-firmament-358410/global/networks/vpc-news4321",
            "subnetworks_self_links": [
              "https://www.googleapis.com/compute/v1/projects/swift-firmament-358410/regions/us-central1/subnetworks/subnet-news4321"
            ]
          },
          "sensitive_attributes": []
        }
      ]
    },
    {
      "mode": "data",
      "type": "google_compute_subnetwork",
      "name": "subnet",
      "provider": "provider[\"registry.terraform.io/hashicorp/google\"]",
      "instances": [
        {
          "schema_version": 0,
          "attributes": {
            "description": "",
            "gateway_address": "10.5.0.1",
            "id": "projects/swift-firmament-358410/regions/us-central1/subnetworks/subnet-news4321",
            "ip_cidr_range": "10.5.0.0/16",
            "name": "subnet-news4321",
            "network": "https://www.googleapis.com/compute/v1/projects/swift-firmament-358410/global/networks/vpc-news4321",
            "private_ip_google_access": false,
            "project": "swift-firmament-358410",
            "region": "us-central1",
            "secondary_ip_range": [],
            "self_link": "https://www.googleapis.com/compute/v1/projects/swift-firmament-358410/regions/us-central1/subnetworks/subnet-news4321"
          },
          "sensitive_attributes": []
        }
      ]
    },
    {
      "mode": "data",
      "type": "template_file",
      "name": "front_end_init_script",
      "provider": "provider[\"registry.terraform.io/hashicorp/template\"]",
      "instances": [
        {
          "schema_version": 0,
          "attributes": {
            "filename": null,
            "id": "caf5f9ebdcdc74f4c7474c03e8e5ac5b644e97b02054fd187056d09ff948d4a6",
            "rendered": "#!/bin/bash\necho \"Provisioning docker image gcr.io/swift-firmament-358410/front_end:latest\" | tee /var/log/provision.log\n\nexport HOME=\"/home/cloudservice\"\n\n# cleanup previous deployment\ndocker stop front_end || true\ndocker rm front_end || true\n\ndocker-credential-gcr configure-docker\n\ndocker pull gcr.io/swift-firmament-358410/front_end:latest\n\ndocker run -d \\\n  --name front_end \\\n  --restart always \\\n  -e QUOTE_SERVICE_URL=http://34.170.32.204:8082 \\\n  -e NEWSFEED_SERVICE_URL=http://35.238.198.133:8081 \\\n  -e STATIC_URL=https://storage.googleapis.com/swift-firmament-358410-infra-static-pages \\\n  -e NEWSFEED_SERVICE_TOKEN=\"T1\u0026eWbYXNWG1w1^YGKDPxAWJ@^et^\u0026kX\" \\\n  -p 8080:8080 \\\n  gcr.io/swift-firmament-358410/front_end:latest\n",
            "template": "#!/bin/bash\necho \"Provisioning docker image ${docker_image}\" | tee /var/log/provision.log\n\nexport HOME=\"/home/cloudservice\"\n\n# cleanup previous deployment\ndocker stop front_end || true\ndocker rm front_end || true\n\ndocker-credential-gcr configure-docker\n\ndocker pull ${docker_image}\n\ndocker run -d \\\n  --name front_end \\\n  --restart always \\\n  -e QUOTE_SERVICE_URL=${quote_service_url} \\\n  -e NEWSFEED_SERVICE_URL=${newsfeed_service_url} \\\n  -e STATIC_URL=${static_url} \\\n  -e NEWSFEED_SERVICE_TOKEN=\"T1\u0026eWbYXNWG1w1^YGKDPxAWJ@^et^\u0026kX\" \\\n  -p 8080:8080 \\\n  ${docker_image}\n",
            "vars": {
              "docker_image": "gcr.io/swift-firmament-358410/front_end:latest",
              "newsfeed_service_url": "http://35.238.198.133:8081",
              "quote_service_url": "http://34.170.32.204:8082",
              "static_url": "https://storage.googleapis.com/swift-firmament-358410-infra-static-pages"
            }
          },
          "sensitive_attributes": []
        }
      ]
    },
    {
      "mode": "data",
      "type": "template_file",
      "name": "newsfeed_init_script",
      "provider": "provider[\"registry.terraform.io/hashicorp/template\"]",
      "instances": [
        {
          "schema_version": 0,
          "attributes": {
            "filename": null,
            "id": "3f848aa3b88b81aa0eadffb47bf84026a9a04eee794bad970f0200adda4d2e4a",
            "rendered": "#!/bin/bash\necho \"Provisioning docker image gcr.io/swift-firmament-358410/newsfeed:latest\" | tee /var/log/provision.log\n\nexport HOME=\"/home/cloudservice\"\n\n# cleanup previous deployment\ndocker stop newsfeed || true\ndocker rm newsfeed || true\n\ndocker-credential-gcr configure-docker\n\ndocker pull gcr.io/swift-firmament-358410/newsfeed:latest\n\ndocker run -d \\\n  --name newsfeed \\\n  --restart always \\\n  -p 8081:8081 \\\n  gcr.io/swift-firmament-358410/newsfeed:latest\n",
            "template": "#!/bin/bash\necho \"Provisioning docker image ${docker_image}\" | tee /var/log/provision.log\n\nexport HOME=\"/home/cloudservice\"\n\n# cleanup previous deployment\ndocker stop newsfeed || true\ndocker rm newsfeed || true\n\ndocker-credential-gcr configure-docker\n\ndocker pull ${docker_image}\n\ndocker run -d \\\n  --name newsfeed \\\n  --restart always \\\n  -p 8081:8081 \\\n  ${docker_image}\n",
            "vars": {
              "docker_image": "gcr.io/swift-firmament-358410/newsfeed:latest"
            }
          },
          "sensitive_attributes": []
        }
      ]
    },
    {
      "mode": "data",
      "type": "template_file",
      "name": "quotes_init_script",
      "provider": "provider[\"registry.terraform.io/hashicorp/template\"]",
      "instances": [
        {
          "schema_version": 0,
          "attributes": {
            "filename": null,
            "id": "b544abd5e19b39f15ca6376d926464abad58c5968379cb7aa520455e3bf6f837",
            "rendered": "#!/bin/bash\necho \"Provisioning docker image gcr.io/swift-firmament-358410/quotes:latest\" | tee /var/log/provision.log\n\nexport HOME=\"/home/cloudservice\"\n# cleanup previous deployment\ndocker stop quotes || true\ndocker rm quotes || true\n\ndocker-credential-gcr configure-docker\n\ndocker pull gcr.io/swift-firmament-358410/quotes:latest\n\ndocker run -d \\\n  --name quotes \\\n  --restart always \\\n  -p 8082:8082 \\\n  gcr.io/swift-firmament-358410/quotes:latest\n",
            "template": "#!/bin/bash\necho \"Provisioning docker image ${docker_image}\" | tee /var/log/provision.log\n\nexport HOME=\"/home/cloudservice\"\n# cleanup previous deployment\ndocker stop quotes || true\ndocker rm quotes || true\n\ndocker-credential-gcr configure-docker\n\ndocker pull ${docker_image}\n\ndocker run -d \\\n  --name quotes \\\n  --restart always \\\n  -p 8082:8082 \\\n  ${docker_image}\n",
            "vars": {
              "docker_image": "gcr.io/swift-firmament-358410/quotes:latest"
            }
          },
          "sensitive_attributes": []
        }
      ]
    },
    {
      "mode": "managed",
      "type": "google_compute_firewall",
      "name": "front_end",
      "provider": "provider[\"registry.terraform.io/hashicorp/google\"]",
      "instances": [
        {
          "schema_version": 1,
          "attributes": {
            "allow": [
              {
                "ports": [
                  "8080"
                ],
                "protocol": "tcp"
              }
            ],
            "creation_timestamp": "2022-08-09T10:37:29.515-07:00",
            "deny": [],
            "description": "",
            "destination_ranges": [],
            "direction": "INGRESS",
            "disabled": false,
            "enable_logging": null,
            "id": "projects/swift-firmament-358410/global/firewalls/front-end-firewall",
            "log_config": [],
            "name": "front-end-firewall",
            "network": "https://www.googleapis.com/compute/v1/projects/swift-firmament-358410/global/networks/vpc-news4321",
            "priority": 1000,
            "project": "swift-firmament-358410",
            "self_link": "https://www.googleapis.com/compute/v1/projects/swift-firmament-358410/global/firewalls/front-end-firewall",
            "source_ranges": [
              "0.0.0.0/0"
            ],
            "source_service_accounts": null,
            "source_tags": null,
            "target_service_accounts": null,
            "target_tags": [
              "web"
            ],
            "timeouts": null
          },
          "sensitive_attributes": [],
          "private": "eyJlMmJmYjczMC1lY2FhLTExZTYtOGY4OC0zNDM2M2JjN2M0YzAiOnsiY3JlYXRlIjoxMjAwMDAwMDAwMDAwLCJkZWxldGUiOjEyMDAwMDAwMDAwMDAsInVwZGF0ZSI6MTIwMDAwMDAwMDAwMH0sInNjaGVtYV92ZXJzaW9uIjoiMSJ9",
          "dependencies": [
            "data.google_compute_network.default"
          ]
        }
      ]
    },
    {
      "mode": "managed",
      "type": "google_compute_firewall",
      "name": "newsfeed",
      "provider": "provider[\"registry.terraform.io/hashicorp/google\"]",
      "instances": [
        {
          "schema_version": 1,
          "attributes": {
            "allow": [
              {
                "ports": [
                  "8081"
                ],
                "protocol": "tcp"
              }
            ],
            "creation_timestamp": "2022-08-09T10:37:29.491-07:00",
            "deny": [],
            "description": "",
            "destination_ranges": [],
            "direction": "INGRESS",
            "disabled": false,
            "enable_logging": null,
            "id": "projects/swift-firmament-358410/global/firewalls/newsfeed-firewall",
            "log_config": [],
            "name": "newsfeed-firewall",
            "network": "https://www.googleapis.com/compute/v1/projects/swift-firmament-358410/global/networks/vpc-news4321",
            "priority": 1000,
            "project": "swift-firmament-358410",
            "self_link": "https://www.googleapis.com/compute/v1/projects/swift-firmament-358410/global/firewalls/newsfeed-firewall",
            "source_ranges": [
              "0.0.0.0/0"
            ],
            "source_service_accounts": null,
            "source_tags": null,
            "target_service_accounts": null,
            "target_tags": [
              "newsfeed"
            ],
            "timeouts": null
          },
          "sensitive_attributes": [],
          "private": "eyJlMmJmYjczMC1lY2FhLTExZTYtOGY4OC0zNDM2M2JjN2M0YzAiOnsiY3JlYXRlIjoxMjAwMDAwMDAwMDAwLCJkZWxldGUiOjEyMDAwMDAwMDAwMDAsInVwZGF0ZSI6MTIwMDAwMDAwMDAwMH0sInNjaGVtYV92ZXJzaW9uIjoiMSJ9",
          "dependencies": [
            "data.google_compute_network.default"
          ]
        }
      ]
    },
    {
      "mode": "managed",
      "type": "google_compute_firewall",
      "name": "quotes",
      "provider": "provider[\"registry.terraform.io/hashicorp/google\"]",
      "instances": [
        {
          "schema_version": 1,
          "attributes": {
            "allow": [
              {
                "ports": [
                  "8082"
                ],
                "protocol": "tcp"
              }
            ],
            "creation_timestamp": "2022-08-09T10:37:29.486-07:00",
            "deny": [],
            "description": "",
            "destination_ranges": [],
            "direction": "INGRESS",
            "disabled": false,
            "enable_logging": null,
            "id": "projects/swift-firmament-358410/global/firewalls/quotes-firewall",
            "log_config": [],
            "name": "quotes-firewall",
            "network": "https://www.googleapis.com/compute/v1/projects/swift-firmament-358410/global/networks/vpc-news4321",
            "priority": 1000,
            "project": "swift-firmament-358410",
            "self_link": "https://www.googleapis.com/compute/v1/projects/swift-firmament-358410/global/firewalls/quotes-firewall",
            "source_ranges": [
              "0.0.0.0/0"
            ],
            "source_service_accounts": null,
            "source_tags": null,
            "target_service_accounts": null,
            "target_tags": [
              "quotes"
            ],
            "timeouts": null
          },
          "sensitive_attributes": [],
          "private": "eyJlMmJmYjczMC1lY2FhLTExZTYtOGY4OC0zNDM2M2JjN2M0YzAiOnsiY3JlYXRlIjoxMjAwMDAwMDAwMDAwLCJkZWxldGUiOjEyMDAwMDAwMDAwMDAsInVwZGF0ZSI6MTIwMDAwMDAwMDAwMH0sInNjaGVtYV92ZXJzaW9uIjoiMSJ9",
          "dependencies": [
            "data.google_compute_network.default"
          ]
        }
      ]
    },
    {
      "mode": "managed",
      "type": "google_compute_instance",
      "name": "front_end",
      "provider": "provider[\"registry.terraform.io/hashicorp/google\"]",
      "instances": [
        {
          "schema_version": 6,
          "attributes": {
            "advanced_machine_features": [],
            "allow_stopping_for_update": null,
            "attached_disk": [],
            "boot_disk": [
              {
                "auto_delete": true,
                "device_name": "persistent-disk-0",
                "disk_encryption_key_raw": "",
                "disk_encryption_key_sha256": "",
                "initialize_params": [
                  {
                    "image": "https://www.googleapis.com/compute/v1/projects/cos-cloud/global/images/cos-89-16108-717-9",
                    "labels": {},
                    "size": 10,
                    "type": "pd-standard"
                  }
                ],
                "kms_key_self_link": "",
                "mode": "READ_WRITE",
                "source": "https://www.googleapis.com/compute/v1/projects/swift-firmament-358410/zones/us-central1-a/disks/news4321-front-end"
              }
            ],
            "can_ip_forward": false,
            "confidential_instance_config": [],
            "cpu_platform": "Intel Haswell",
            "current_status": "RUNNING",
            "deletion_protection": false,
            "description": "",
            "desired_status": null,
            "enable_display": false,
            "guest_accelerator": [],
            "hostname": "",
            "id": "projects/swift-firmament-358410/zones/us-central1-a/instances/news4321-front-end",
            "instance_id": "2178130909992002974",
            "label_fingerprint": "42WmSpB8rSM=",
            "labels": null,
            "machine_type": "f1-micro",
            "metadata": null,
            "metadata_fingerprint": "A7bAgRVX2W4=",
            "metadata_startup_script": "#!/bin/bash\necho \"Provisioning docker image gcr.io/swift-firmament-358410/front_end:latest\" | tee /var/log/provision.log\n\nexport HOME=\"/home/cloudservice\"\n\n# cleanup previous deployment\ndocker stop front_end || true\ndocker rm front_end || true\n\ndocker-credential-gcr configure-docker\n\ndocker pull gcr.io/swift-firmament-358410/front_end:latest\n\ndocker run -d \\\n  --name front_end \\\n  --restart always \\\n  -e QUOTE_SERVICE_URL=http://34.170.32.204:8082 \\\n  -e NEWSFEED_SERVICE_URL=http://35.238.198.133:8081 \\\n  -e STATIC_URL=https://storage.googleapis.com/swift-firmament-358410-infra-static-pages \\\n  -e NEWSFEED_SERVICE_TOKEN=\"T1\u0026eWbYXNWG1w1^YGKDPxAWJ@^et^\u0026kX\" \\\n  -p 8080:8080 \\\n  gcr.io/swift-firmament-358410/front_end:latest\n",
            "min_cpu_platform": "",
            "name": "news4321-front-end",
            "network_interface": [
              {
                "access_config": [
                  {
                    "nat_ip": "34.133.78.250",
                    "network_tier": "PREMIUM",
                    "public_ptr_domain_name": ""
                  }
                ],
                "alias_ip_range": [],
                "ipv6_access_config": [],
                "ipv6_access_type": "",
                "name": "nic0",
                "network": "https://www.googleapis.com/compute/v1/projects/swift-firmament-358410/global/networks/vpc-news4321",
                "network_ip": "10.5.0.4",
                "nic_type": "",
                "queue_count": 0,
                "stack_type": "IPV4_ONLY",
                "subnetwork": "https://www.googleapis.com/compute/v1/projects/swift-firmament-358410/regions/us-central1/subnetworks/subnet-news4321",
                "subnetwork_project": "swift-firmament-358410"
              }
            ],
            "project": "swift-firmament-358410",
            "reservation_affinity": [],
            "resource_policies": null,
            "scheduling": [
              {
                "automatic_restart": true,
                "instance_termination_action": "",
                "min_node_cpus": 0,
                "node_affinities": [],
                "on_host_maintenance": "MIGRATE",
                "preemptible": false,
                "provisioning_model": "STANDARD"
              }
            ],
            "scratch_disk": [],
            "self_link": "https://www.googleapis.com/compute/v1/projects/swift-firmament-358410/zones/us-central1-a/instances/news4321-front-end",
            "service_account": [
              {
                "email": "news4321-compute@swift-firmament-358410.iam.gserviceaccount.com",
                "scopes": [
                  "https://www.googleapis.com/auth/cloud-platform.read-only",
                  "https://www.googleapis.com/auth/compute.readonly",
                  "https://www.googleapis.com/auth/devstorage.read_only",
                  "https://www.googleapis.com/auth/logging.write",
                  "https://www.googleapis.com/auth/monitoring.write",
                  "https://www.googleapis.com/auth/source.read_only",
                  "https://www.googleapis.com/auth/userinfo.email"
                ]
              }
            ],
            "shielded_instance_config": [
              {
                "enable_integrity_monitoring": true,
                "enable_secure_boot": false,
                "enable_vtpm": true
              }
            ],
            "tags": [
              "web"
            ],
            "tags_fingerprint": "3d9fNIIa_10=",
            "timeouts": null,
            "zone": "us-central1-a"
          },
          "sensitive_attributes": [],
          "private": "eyJlMmJmYjczMC1lY2FhLTExZTYtOGY4OC0zNDM2M2JjN2M0YzAiOnsiY3JlYXRlIjoxMjAwMDAwMDAwMDAwLCJkZWxldGUiOjEyMDAwMDAwMDAwMDAsInVwZGF0ZSI6MTIwMDAwMDAwMDAwMH0sInNjaGVtYV92ZXJzaW9uIjoiNiJ9",
          "dependencies": [
            "data.google_compute_subnetwork.subnet",
            "data.template_file.front_end_init_script",
            "data.template_file.newsfeed_init_script",
            "data.template_file.quotes_init_script",
            "google_compute_instance.newsfeed",
            "google_compute_instance.quotes",
            "google_service_account.joi-news-instances",
            "google_storage_bucket.news"
          ]
        }
      ]
    },
    {
      "mode": "managed",
      "type": "google_compute_instance",
      "name": "newsfeed",
      "provider": "provider[\"registry.terraform.io/hashicorp/google\"]",
      "instances": [
        {
          "schema_version": 6,
          "attributes": {
            "advanced_machine_features": [],
            "allow_stopping_for_update": null,
            "attached_disk": [],
            "boot_disk": [
              {
                "auto_delete": true,
                "device_name": "persistent-disk-0",
                "disk_encryption_key_raw": "",
                "disk_encryption_key_sha256": "",
                "initialize_params": [
                  {
                    "image": "https://www.googleapis.com/compute/v1/projects/cos-cloud/global/images/cos-89-16108-717-9",
                    "labels": {},
                    "size": 10,
                    "type": "pd-standard"
                  }
                ],
                "kms_key_self_link": "",
                "mode": "READ_WRITE",
                "source": "https://www.googleapis.com/compute/v1/projects/swift-firmament-358410/zones/us-central1-a/disks/news4321-newsfeed"
              }
            ],
            "can_ip_forward": false,
            "confidential_instance_config": [],
            "cpu_platform": "Intel Haswell",
            "current_status": "RUNNING",
            "deletion_protection": false,
            "description": "",
            "desired_status": null,
            "enable_display": false,
            "guest_accelerator": [],
            "hostname": "",
            "id": "projects/swift-firmament-358410/zones/us-central1-a/instances/news4321-newsfeed",
            "instance_id": "4999869306148693425",
            "label_fingerprint": "42WmSpB8rSM=",
            "labels": null,
            "machine_type": "f1-micro",
            "metadata": null,
            "metadata_fingerprint": "zlnlMtk_j5Y=",
            "metadata_startup_script": "#!/bin/bash\necho \"Provisioning docker image gcr.io/swift-firmament-358410/newsfeed:latest\" | tee /var/log/provision.log\n\nexport HOME=\"/home/cloudservice\"\n\n# cleanup previous deployment\ndocker stop newsfeed || true\ndocker rm newsfeed || true\n\ndocker-credential-gcr configure-docker\n\ndocker pull gcr.io/swift-firmament-358410/newsfeed:latest\n\ndocker run -d \\\n  --name newsfeed \\\n  --restart always \\\n  -p 8081:8081 \\\n  gcr.io/swift-firmament-358410/newsfeed:latest\n",
            "min_cpu_platform": "",
            "name": "news4321-newsfeed",
            "network_interface": [
              {
                "access_config": [
                  {
                    "nat_ip": "35.238.198.133",
                    "network_tier": "PREMIUM",
                    "public_ptr_domain_name": ""
                  }
                ],
                "alias_ip_range": [],
                "ipv6_access_config": [],
                "ipv6_access_type": "",
                "name": "nic0",
                "network": "https://www.googleapis.com/compute/v1/projects/swift-firmament-358410/global/networks/vpc-news4321",
                "network_ip": "10.5.0.3",
                "nic_type": "",
                "queue_count": 0,
                "stack_type": "IPV4_ONLY",
                "subnetwork": "https://www.googleapis.com/compute/v1/projects/swift-firmament-358410/regions/us-central1/subnetworks/subnet-news4321",
                "subnetwork_project": "swift-firmament-358410"
              }
            ],
            "project": "swift-firmament-358410",
            "reservation_affinity": [],
            "resource_policies": null,
            "scheduling": [
              {
                "automatic_restart": true,
                "instance_termination_action": "",
                "min_node_cpus": 0,
                "node_affinities": [],
                "on_host_maintenance": "MIGRATE",
                "preemptible": false,
                "provisioning_model": "STANDARD"
              }
            ],
            "scratch_disk": [],
            "self_link": "https://www.googleapis.com/compute/v1/projects/swift-firmament-358410/zones/us-central1-a/instances/news4321-newsfeed",
            "service_account": [
              {
                "email": "news4321-compute@swift-firmament-358410.iam.gserviceaccount.com",
                "scopes": [
                  "https://www.googleapis.com/auth/cloud-platform.read-only",
                  "https://www.googleapis.com/auth/compute.readonly",
                  "https://www.googleapis.com/auth/devstorage.read_only",
                  "https://www.googleapis.com/auth/logging.write",
                  "https://www.googleapis.com/auth/monitoring.write",
                  "https://www.googleapis.com/auth/source.read_only",
                  "https://www.googleapis.com/auth/userinfo.email"
                ]
              }
            ],
            "shielded_instance_config": [
              {
                "enable_integrity_monitoring": true,
                "enable_secure_boot": false,
                "enable_vtpm": true
              }
            ],
            "tags": [
              "newsfeed"
            ],
            "tags_fingerprint": "U_zm0Jk_y80=",
            "timeouts": null,
            "zone": "us-central1-a"
          },
          "sensitive_attributes": [],
          "private": "eyJlMmJmYjczMC1lY2FhLTExZTYtOGY4OC0zNDM2M2JjN2M0YzAiOnsiY3JlYXRlIjoxMjAwMDAwMDAwMDAwLCJkZWxldGUiOjEyMDAwMDAwMDAwMDAsInVwZGF0ZSI6MTIwMDAwMDAwMDAwMH0sInNjaGVtYV92ZXJzaW9uIjoiNiJ9",
          "dependencies": [
            "data.google_compute_subnetwork.subnet",
            "data.template_file.newsfeed_init_script",
            "google_service_account.joi-news-instances"
          ]
        }
      ]
    },
    {
      "mode": "managed",
      "type": "google_compute_instance",
      "name": "quotes",
      "provider": "provider[\"registry.terraform.io/hashicorp/google\"]",
      "instances": [
        {
          "schema_version": 6,
          "attributes": {
            "advanced_machine_features": [],
            "allow_stopping_for_update": null,
            "attached_disk": [],
            "boot_disk": [
              {
                "auto_delete": true,
                "device_name": "persistent-disk-0",
                "disk_encryption_key_raw": "",
                "disk_encryption_key_sha256": "",
                "initialize_params": [
                  {
                    "image": "https://www.googleapis.com/compute/v1/projects/cos-cloud/global/images/cos-89-16108-717-9",
                    "labels": {},
                    "size": 10,
                    "type": "pd-standard"
                  }
                ],
                "kms_key_self_link": "",
                "mode": "READ_WRITE",
                "source": "https://www.googleapis.com/compute/v1/projects/swift-firmament-358410/zones/us-central1-a/disks/news4321-quotes"
              }
            ],
            "can_ip_forward": false,
            "confidential_instance_config": [],
            "cpu_platform": "Intel Haswell",
            "current_status": "RUNNING",
            "deletion_protection": false,
            "description": "",
            "desired_status": null,
            "enable_display": false,
            "guest_accelerator": [],
            "hostname": "",
            "id": "projects/swift-firmament-358410/zones/us-central1-a/instances/news4321-quotes",
            "instance_id": "3059317281254221233",
            "label_fingerprint": "42WmSpB8rSM=",
            "labels": null,
            "machine_type": "f1-micro",
            "metadata": null,
            "metadata_fingerprint": "bCJPGDYucYo=",
            "metadata_startup_script": "#!/bin/bash\necho \"Provisioning docker image gcr.io/swift-firmament-358410/quotes:latest\" | tee /var/log/provision.log\n\nexport HOME=\"/home/cloudservice\"\n# cleanup previous deployment\ndocker stop quotes || true\ndocker rm quotes || true\n\ndocker-credential-gcr configure-docker\n\ndocker pull gcr.io/swift-firmament-358410/quotes:latest\n\ndocker run -d \\\n  --name quotes \\\n  --restart always \\\n  -p 8082:8082 \\\n  gcr.io/swift-firmament-358410/quotes:latest\n",
            "min_cpu_platform": "",
            "name": "news4321-quotes",
            "network_interface": [
              {
                "access_config": [
                  {
                    "nat_ip": "34.170.32.204",
                    "network_tier": "PREMIUM",
                    "public_ptr_domain_name": ""
                  }
                ],
                "alias_ip_range": [],
                "ipv6_access_config": [],
                "ipv6_access_type": "",
                "name": "nic0",
                "network": "https://www.googleapis.com/compute/v1/projects/swift-firmament-358410/global/networks/vpc-news4321",
                "network_ip": "10.5.0.2",
                "nic_type": "",
                "queue_count": 0,
                "stack_type": "IPV4_ONLY",
                "subnetwork": "https://www.googleapis.com/compute/v1/projects/swift-firmament-358410/regions/us-central1/subnetworks/subnet-news4321",
                "subnetwork_project": "swift-firmament-358410"
              }
            ],
            "project": "swift-firmament-358410",
            "reservation_affinity": [],
            "resource_policies": null,
            "scheduling": [
              {
                "automatic_restart": true,
                "instance_termination_action": "",
                "min_node_cpus": 0,
                "node_affinities": [],
                "on_host_maintenance": "MIGRATE",
                "preemptible": false,
                "provisioning_model": "STANDARD"
              }
            ],
            "scratch_disk": [],
            "self_link": "https://www.googleapis.com/compute/v1/projects/swift-firmament-358410/zones/us-central1-a/instances/news4321-quotes",
            "service_account": [
              {
                "email": "news4321-compute@swift-firmament-358410.iam.gserviceaccount.com",
                "scopes": [
                  "https://www.googleapis.com/auth/cloud-platform.read-only",
                  "https://www.googleapis.com/auth/compute.readonly",
                  "https://www.googleapis.com/auth/devstorage.read_only",
                  "https://www.googleapis.com/auth/logging.write",
                  "https://www.googleapis.com/auth/monitoring.write",
                  "https://www.googleapis.com/auth/source.read_only",
                  "https://www.googleapis.com/auth/userinfo.email"
                ]
              }
            ],
            "shielded_instance_config": [
              {
                "enable_integrity_monitoring": true,
                "enable_secure_boot": false,
                "enable_vtpm": true
              }
            ],
            "tags": [
              "quotes"
            ],
            "tags_fingerprint": "DIGykcS5fSg=",
            "timeouts": null,
            "zone": "us-central1-a"
          },
          "sensitive_attributes": [],
          "private": "eyJlMmJmYjczMC1lY2FhLTExZTYtOGY4OC0zNDM2M2JjN2M0YzAiOnsiY3JlYXRlIjoxMjAwMDAwMDAwMDAwLCJkZWxldGUiOjEyMDAwMDAwMDAwMDAsInVwZGF0ZSI6MTIwMDAwMDAwMDAwMH0sInNjaGVtYV92ZXJzaW9uIjoiNiJ9",
          "dependencies": [
            "data.google_compute_subnetwork.subnet",
            "data.template_file.quotes_init_script",
            "google_service_account.joi-news-instances"
          ]
        }
      ]
    },
    {
      "mode": "managed",
      "type": "google_service_account",
      "name": "joi-news-instances",
      "provider": "provider[\"registry.terraform.io/hashicorp/google\"]",
      "instances": [
        {
          "schema_version": 0,
          "attributes": {
            "account_id": "news4321-compute",
            "description": "",
            "disabled": false,
            "display_name": "news4321 Service Account",
            "email": "news4321-compute@swift-firmament-358410.iam.gserviceaccount.com",
            "id": "projects/swift-firmament-358410/serviceAccounts/news4321-compute@swift-firmament-358410.iam.gserviceaccount.com",
            "name": "projects/swift-firmament-358410/serviceAccounts/news4321-compute@swift-firmament-358410.iam.gserviceaccount.com",
            "project": "swift-firmament-358410",
            "timeouts": null,
            "unique_id": "100664319662950831485"
          },
          "sensitive_attributes": [],
          "private": "eyJlMmJmYjczMC1lY2FhLTExZTYtOGY4OC0zNDM2M2JjN2M0YzAiOnsiY3JlYXRlIjozMDAwMDAwMDAwMDB9fQ=="
        }
      ]
    },
    {
      "mode": "managed",
      "type": "google_storage_bucket",
      "name": "news",
      "provider": "provider[\"registry.terraform.io/hashicorp/google\"]",
      "instances": [
        {
          "schema_version": 0,
          "attributes": {
            "cors": [],
            "default_event_based_hold": false,
            "encryption": [],
            "force_destroy": true,
            "id": "swift-firmament-358410-infra-static-pages",
            "labels": null,
            "lifecycle_rule": [],
            "location": "US",
            "logging": [],
            "name": "swift-firmament-358410-infra-static-pages",
            "project": "swift-firmament-358410",
            "requester_pays": false,
            "retention_policy": [],
            "self_link": "https://www.googleapis.com/storage/v1/b/swift-firmament-358410-infra-static-pages",
            "storage_class": "STANDARD",
            "timeouts": null,
            "uniform_bucket_level_access": true,
            "url": "gs://swift-firmament-358410-infra-static-pages",
            "versioning": [],
            "website": [
              {
                "main_page_suffix": "index.html",
                "not_found_page": "error.html"
              }
            ]
          },
          "sensitive_attributes": [],
          "private": "eyJlMmJmYjczMC1lY2FhLTExZTYtOGY4OC0zNDM2M2JjN2M0YzAiOnsiY3JlYXRlIjoyNDAwMDAwMDAwMDAsInJlYWQiOjI0MDAwMDAwMDAwMCwidXBkYXRlIjoyNDAwMDAwMDAwMDB9fQ=="
        }
      ]
    },
    {
      "mode": "managed",
      "type": "google_storage_bucket_iam_binding",
      "name": "bucket-policy",
      "provider": "provider[\"registry.terraform.io/hashicorp/google\"]",
      "instances": [
        {
          "schema_version": 0,
          "attributes": {
            "bucket": "b/artifacts.swift-firmament-358410.appspot.com",
            "condition": [],
            "etag": "CAg=",
            "id": "b/artifacts.swift-firmament-358410.appspot.com/roles/storage.objectViewer",
            "members": [
              "serviceAccount:news4321-compute@swift-firmament-358410.iam.gserviceaccount.com"
            ],
            "role": "roles/storage.objectViewer"
          },
          "sensitive_attributes": [],
          "private": "bnVsbA==",
          "dependencies": [
            "google_service_account.joi-news-instances"
          ]
        }
      ]
    },
    {
      "mode": "managed",
      "type": "google_storage_bucket_iam_binding",
      "name": "news",
      "provider": "provider[\"registry.terraform.io/hashicorp/google\"]",
      "instances": [
        {
          "schema_version": 0,
          "attributes": {
            "bucket": "b/swift-firmament-358410-infra-static-pages",
            "condition": [],
            "etag": "CAI=",
            "id": "b/swift-firmament-358410-infra-static-pages/roles/storage.objectViewer",
            "members": [
              "allUsers"
            ],
            "role": "roles/storage.objectViewer"
          },
          "sensitive_attributes": [],
          "private": "bnVsbA==",
          "dependencies": [
            "google_storage_bucket.news"
          ]
        }
      ]
    }
  ]
}
